
Microsoft Visual Studio Solution File, Format Version 12.00
# Visual Studio Version 16
VisualStudioVersion = 16.0.30804.86
MinimumVisualStudioVersion = 10.0.40219.1
Project("{FAE04EC0-301F-11D3-BF4B-00C04F79EFBC}") = "FirstConsole", "FirstConsole\FirstConsole.csproj", "{EB4D8C51-F711-4917-BBCB-1B6F10C95F01}"
EndProject
Project("{FAE04EC0-301F-11D3-BF4B-00C04F79EFBC}") = "CalculatorConsole", "CalculatorConsole\CalculatorConsole.csproj", "{8F5E8601-A4AE-47EB-A82A-5D7A9FB4D08E}"
EndProject
Project("{FAE04EC0-301F-11D3-BF4B-00C04F79EFBC}") = "Media Aritmetica", "Media Aritmetica\Media Aritmetica.csproj", "{77A252DE-8CCE-4B4D-B7A8-8B95DB2A7E26}"
EndProject
Project("{FAE04EC0-301F-11D3-BF4B-00C04F79EFBC}") = "CalculatorulMeu", "CalculatorulMeu\CalculatorulMeu.csproj", "{DF6345B5-A180-4508-9598-F9ED469DD8E4}"
EndProject
Project("{FAE04EC0-301F-11D3-BF4B-00C04F79EFBC}") = "CNP", "CNP\CNP.csproj", "{8BEB4635-C6EF-47FA-A148-CCE6AC719895}"
EndProject
Project("{FAE04EC0-301F-11D3-BF4B-00C04F79EFBC}") = "MyFirsrtWinForm", "MyFirsrtWinForm\MyFirsrtWinForm.csproj", "{9DB03FC0-E7B3-4232-80DA-C6EE681BF7AF}"
EndProject
Project("{FAE04EC0-301F-11D3-BF4B-00C04F79EFBC}") = "CNPWinForm", "CNPWinForm\CNPWinForm.csproj", "{89806413-CB7D-4AFA-BD7C-268CA32EBBAF}"
EndProject
Global
	GlobalSection(SolutionConfigurationPlatforms) = preSolution
		Debug|Any CPU = Debug|Any CPU
		Release|Any CPU = Release|Any CPU
	EndGlobalSection
	GlobalSection(ProjectConfigurationPlatforms) = postSolution
		{EB4D8C51-F711-4917-BBCB-1B6F10C95F01}.Debug|Any CPU.ActiveCfg = Debug|Any CPU
		{EB4D8C51-F711-4917-BBCB-1B6F10C95F01}.Debug|Any CPU.Build.0 = Debug|Any CPU
		{EB4D8C51-F711-4917-BBCB-1B6F10C95F01}.Release|Any CPU.ActiveCfg = Release|Any CPU
		{EB4D8C51-F711-4917-BBCB-1B6F10C95F01}.Release|Any CPU.Build.0 = Release|Any CPU
		{8F5E8601-A4AE-47EB-A82A-5D7A9FB4D08E}.Debug|Any CPU.ActiveCfg = Debug|Any CPU
		{8F5E8601-A4AE-47EB-A82A-5D7A9FB4D08E}.Debug|Any CPU.Build.0 = Debug|Any CPU
		{8F5E8601-A4AE-47EB-A82A-5D7A9FB4D08E}.Release|Any CPU.ActiveCfg = Release|Any CPU
		{8F5E8601-A4AE-47EB-A82A-5D7A9FB4D08E}.Release|Any CPU.Build.0 = Release|Any CPU
		{77A252DE-8CCE-4B4D-B7A8-8B95DB2A7E26}.Debug|Any CPU.ActiveCfg = Debug|Any CPU
		{77A252DE-8CCE-4B4D-B7A8-8B95DB2A7E26}.Debug|Any CPU.Build.0 = Debug|Any CPU
		{77A252DE-8CCE-4B4D-B7A8-8B95DB2A7E26}.Release|Any CPU.ActiveCfg = Release|Any CPU
		{77A252DE-8CCE-4B4D-B7A8-8B95DB2A7E26}.Release|Any CPU.Build.0 = Release|Any CPU
		{DF6345B5-A180-4508-9598-F9ED469DD8E4}.Debug|Any CPU.ActiveCfg = Debug|Any CPU
		{DF6345B5-A180-4508-9598-F9ED469DD8E4}.Debug|Any CPU.Build.0 = Debug|Any CPU
		{DF6345B5-A180-4508-9598-F9ED469DD8E4}.Release|Any CPU.ActiveCfg = Release|Any CPU
		{DF6345B5-A180-4508-9598-F9ED469DD8E4}.Release|Any CPU.Build.0 = Release|Any CPU
		{8BEB4635-C6EF-47FA-A148-CCE6AC719895}.Debug|Any CPU.ActiveCfg = Debug|Any CPU
		{8BEB4635-C6EF-47FA-A148-CCE6AC719895}.Debug|Any CPU.Build.0 = Debug|Any CPU
		{8BEB4635-C6EF-47FA-A148-CCE6AC719895}.Release|Any CPU.ActiveCfg = Release|Any CPU
		{8BEB4635-C6EF-47FA-A148-CCE6AC719895}.Release|Any CPU.Build.0 = Release|Any CPU
		{9DB03FC0-E7B3-4232-80DA-C6EE681BF7AF}.Debug|Any CPU.ActiveCfg = Debug|Any CPU
		{9DB03FC0-E7B3-4232-80DA-C6EE681BF7AF}.Debug|Any CPU.Build.0 = Debug|Any CPU
		{9DB03FC0-E7B3-4232-80DA-C6EE681BF7AF}.Release|Any CPU.ActiveCfg = Release|Any CPU
		{9DB03FC0-E7B3-4232-80DA-C6EE681BF7AF}.Release|Any CPU.Build.0 = Release|Any CPU
		{89806413-CB7D-4AFA-BD7C-268CA32EBBAF}.Debug|Any CPU.ActiveCfg = Debug|Any CPU
		{89806413-CB7D-4AFA-BD7C-268CA32EBBAF}.Debug|Any CPU.Build.0 = Debug|Any CPU
		{89806413-CB7D-4AFA-BD7C-268CA32EBBAF}.Release|Any CPU.ActiveCfg = Release|Any CPU
		{89806413-CB7D-4AFA-BD7C-268CA32EBBAF}.Release|Any CPU.Build.0 = Release|Any CPU
	EndGlobalSection
	GlobalSection(SolutionProperties) = preSolution
		HideSolutionNode = FALSE
	EndGlobalSection
	GlobalSection(ExtensibilityGlobals) = postSolution
		SolutionGuid = {D6D02CDB-2EEA-4F7D-B58E-AE6D8AEE32B6}
	EndGlobalSection
EndGlobal
